// !$*UTF8*$!
{
	archiveVersion = 1;
	classes = {
	};
	objectVersion = 56;
	objects = {

/* Begin PBXBuildFile section */
		100000000000000000000001 /* APIClient.swift in Sources */ = {isa = PBXBuildFile; fileRef = 200000000000000000000001 /* APIClient.swift */; };
		100000000000000000000002 /* AdminWindowController.swift in Sources */ = {isa = PBXBuildFile; fileRef = 200000000000000000000002 /* AdminWindowController.swift */; };
		100000000000000000000003 /* AppDelegate.swift in Sources */ = {isa = PBXBuildFile; fileRef = 200000000000000000000003 /* AppDelegate.swift */; };
		100000000000000000000004 /* Constants.swift in Sources */ = {isa = PBXBuildFile; fileRef = 200000000000000000000004 /* Constants.swift */; };
		100000000000000000000005 /* ServerController.swift in Sources */ = {isa = PBXBuildFile; fileRef = 200000000000000000000005 /* ServerController.swift */; };
		100000000000000000000006 /* StatusPoller.swift in Sources */ = {isa = PBXBuildFile; fileRef = 200000000000000000000006 /* StatusPoller.swift */; };
		100000000000000000000007 /* main.swift in Sources */ = {isa = PBXBuildFile; fileRef = 200000000000000000000007 /* main.swift */; };
		10000000000000000000000A /* Updater.swift in Sources */ = {isa = PBXBuildFile; fileRef = 20000000000000000000000C /* Updater.swift */; };
		10000000000000000000000B /* StatusPopover.swift in Sources */ = {isa = PBXBuildFile; fileRef = 20000000000000000000000D /* StatusPopover.swift */; };
		100000000000000000000008 /* AppAssets.xcassets in Resources */ = {isa = PBXBuildFile; fileRef = 200000000000000000000008 /* AppAssets.xcassets */; };
		100000000000000000000009 /* PrivacyInfo.xcprivacy in Resources */ = {isa = PBXBuildFile; fileRef = 200000000000000000000009 /* PrivacyInfo.xcprivacy */; };
/* End PBXBuildFile section */

/* Begin PBXFileReference section */
		200000000000000000000001 /* APIClient.swift */ = {isa = PBXFileReference; lastKnownFileType = sourcecode.swift; path = APIClient.swift; sourceTree = "<group>"; };
		200000000000000000000002 /* AdminWindowController.swift */ = {isa = PBXFileReference; lastKnownFileType = sourcecode.swift; path = AdminWindowController.swift; sourceTree = "<group>"; };
		200000000000000000000003 /* AppDelegate.swift */ = {isa = PBXFileReference; lastKnownFileType = sourcecode.swift; path = AppDelegate.swift; sourceTree = "<group>"; };
		200000000000000000000004 /* Constants.swift */ = {isa = PBXFileReference; lastKnownFileType = sourcecode.swift; path = Constants.swift; sourceTree = "<group>"; };
		200000000000000000000005 /* ServerController.swift */ = {isa = PBXFileReference; lastKnownFileType = sourcecode.swift; path = ServerController.swift; sourceTree = "<group>"; };
		200000000000000000000006 /* StatusPoller.swift */ = {isa = PBXFileReference; lastKnownFileType = sourcecode.swift; path = StatusPoller.swift; sourceTree = "<group>"; };
		200000000000000000000007 /* main.swift */ = {isa = PBXFileReference; lastKnownFileType = sourcecode.swift; path = main.swift; sourceTree = "<group>"; };
		200000000000000000000008 /* AppAssets.xcassets */ = {isa = PBXFileReference; lastKnownFileType = folder.assetcatalog; path = AppAssets.xcassets; sourceTree = "<group>"; };
		200000000000000000000009 /* PrivacyInfo.xcprivacy */ = {isa = PBXFileReference; lastKnownFileType = text.xml; path = PrivacyInfo.xcprivacy; sourceTree = "<group>"; };
		20000000000000000000000A /* Info.plist */ = {isa = PBXFileReference; lastKnownFileType = text.plist.xml; path = Info.plist; sourceTree = "<group>"; };
		20000000000000000000000B /* PartyParty.app */ = {isa = PBXFileReference; explicitFileType = wrapper.application; includeInIndex = 0; path = PartyParty.app; sourceTree = BUILT_PRODUCTS_DIR; };
		20000000000000000000000C /* Updater.swift */ = {isa = PBXFileReference; lastKnownFileType = sourcecode.swift; path = Updater.swift; sourceTree = "<group>"; };
		20000000000000000000000D /* StatusPopover.swift */ = {isa = PBXFileReference; lastKnownFileType = sourcecode.swift; path = StatusPopover.swift; sourceTree = "<group>"; };
/* End PBXFileReference section */

/* Begin PBXFrameworksBuildPhase section */
		300000000000000000000001 /* Frameworks */ = {
			isa = PBXFrameworksBuildPhase;
			buildActionMask = 2147483647;
			files = (
			);
			runOnlyForDeploymentPostprocessing = 0;
		};
/* End PBXFrameworksBuildPhase section */

/* Begin PBXGroup section */
		400000000000000000000001 = {
			isa = PBXGroup;
			children = (
				400000000000000000000002 /* Sources */,
				200000000000000000000008 /* AppAssets.xcassets */,
				200000000000000000000009 /* PrivacyInfo.xcprivacy */,
				20000000000000000000000A /* Info.plist */,
				400000000000000000000003 /* Products */,
			);
			sourceTree = "<group>";
		};
		400000000000000000000002 /* Sources */ = {
			isa = PBXGroup;
			children = (
				200000000000000000000001 /* APIClient.swift */,
				200000000000000000000002 /* AdminWindowController.swift */,
				200000000000000000000003 /* AppDelegate.swift */,
				200000000000000000000004 /* Constants.swift */,
				200000000000000000000005 /* ServerController.swift */,
				200000000000000000000006 /* StatusPoller.swift */,
				20000000000000000000000D /* StatusPopover.swift */,
				200000000000000000000007 /* main.swift */,
				20000000000000000000000C /* Updater.swift */,
			);
			path = Sources/PartyParty;
			sourceTree = "<group>";
		};
		400000000000000000000003 /* Products */ = {
			isa = PBXGroup;
			children = (
				20000000000000000000000B /* PartyParty.app */,
			);
			name = Products;
			sourceTree = "<group>";
		};
/* End PBXGroup section */

/* Begin PBXNativeTarget section */
		500000000000000000000001 /* PartyParty */ = {
			isa = PBXNativeTarget;
			buildConfigurationList = 900000000000000000000002 /* Build configuration list for PBXNativeTarget "PartyParty" */;
			buildPhases = (
				600000000000000000000001 /* Sources */,
				300000000000000000000001 /* Frameworks */,
				600000000000000000000002 /* Resources */,
				600000000000000000000003 /* Embed Helpers */,
			);
			buildRules = (
			);
			dependencies = (
			);
			name = PartyParty;
			productName = PartyParty;
			productReference = 20000000000000000000000B /* PartyParty.app */;
			productType = "com.apple.product-type.application";
		};
/* End PBXNativeTarget section */

/* Begin PBXProject section */
		700000000000000000000001 /* Project object */ = {
			isa = PBXProject;
			attributes = {
				BuildIndependentTargetsInParallel = 1;
				LastSwiftUpdateCheck = 2660;
				LastUpgradeCheck = 2660;
				TargetAttributes = {
					500000000000000000000001 = {
						CreatedOnToolsVersion = 26.6;
					};
				};
			};
			buildConfigurationList = 900000000000000000000001 /* Build configuration list for PBXProject "PartyParty" */;
			compatibilityVersion = "Xcode 14.0";
			developmentRegion = en;
			hasScannedForEncodings = 0;
			knownRegions = (
				en,
				Base,
			);
			mainGroup = 400000000000000000000001;
			productRefGroup = 400000000000000000000003 /* Products */;
			projectDirPath = "";
			projectRoot = "";
			targets = (
				500000000000000000000001 /* PartyParty */,
			);
		};
/* End PBXProject section */

/* Begin PBXResourcesBuildPhase section */
		600000000000000000000002 /* Resources */ = {
			isa = PBXResourcesBuildPhase;
			buildActionMask = 2147483647;
			files = (
				100000000000000000000008 /* AppAssets.xcassets in Resources */,
				100000000000000000000009 /* PrivacyInfo.xcprivacy in Resources */,
			);
			runOnlyForDeploymentPostprocessing = 0;
		};
/* End PBXResourcesBuildPhase section */

/* Begin PBXShellScriptBuildPhase section */
		600000000000000000000003 /* Embed Helpers */ = {
			isa = PBXShellScriptBuildPhase;
			alwaysOutOfDate = 1;
			buildActionMask = 2147483647;
			files = (
			);
			inputFileListPaths = (
			);
			inputPaths = (
			);
			name = "Embed Helpers";
			outputFileListPaths = (
			);
			outputPaths = (
			);
			runOnlyForDeploymentPostprocessing = 0;
			shellPath = /bin/bash;
			shellScript = "\"$SRCROOT/../scripts/xcode-embed-helpers.sh\"";
		};
/* End PBXShellScriptBuildPhase section */

/* Begin PBXSourcesBuildPhase section */
		600000000000000000000001 /* Sources */ = {
			isa = PBXSourcesBuildPhase;
			buildActionMask = 2147483647;
			files = (
				100000000000000000000001 /* APIClient.swift in Sources */,
				100000000000000000000002 /* AdminWindowController.swift in Sources */,
				100000000000000000000003 /* AppDelegate.swift in Sources */,
				100000000000000000000004 /* Constants.swift in Sources */,
				100000000000000000000005 /* ServerController.swift in Sources */,
				100000000000000000000006 /* StatusPoller.swift in Sources */,
				10000000000000000000000B /* StatusPopover.swift in Sources */,
				100000000000000000000007 /* main.swift in Sources */,
				10000000000000000000000A /* Updater.swift in Sources */,
			);
			runOnlyForDeploymentPostprocessing = 0;
		};
/* End PBXSourcesBuildPhase section */

/* Begin XCBuildConfiguration section */
		800000000000000000000001 /* Debug */ = {
			isa = XCBuildConfiguration;
			buildSettings = {
				CLANG_ENABLE_MODULES = YES;
				MACOSX_DEPLOYMENT_TARGET = 26.0;
				SDKROOT = macosx;
				SWIFT_VERSION = 5.0;
			};
			name = Debug;
		};
		800000000000000000000002 /* Release */ = {
			isa = XCBuildConfiguration;
			buildSettings = {
				CLANG_ENABLE_MODULES = YES;
				MACOSX_DEPLOYMENT_TARGET = 26.0;
				SDKROOT = macosx;
				SWIFT_COMPILATION_MODE = wholemodule;
				SWIFT_OPTIMIZATION_LEVEL = "-O";
				SWIFT_VERSION = 5.0;
			};
			name = Release;
		};
		800000000000000000000003 /* Debug */ = {
			isa = XCBuildConfiguration;
			buildSettings = {
				ARCHS = arm64;
				ASSETCATALOG_COMPILER_APPICON_NAME = AppIcon;
				CODE_SIGN_ENTITLEMENTS = "PartyParty-app-store.entitlements";
				CODE_SIGN_STYLE = Automatic;
				CURRENT_PROJECT_VERSION = 249;
				DEVELOPMENT_TEAM = 52WM463HR2;
				ENABLE_HARDENED_RUNTIME = YES;
				GENERATE_INFOPLIST_FILE = NO;
				INFOPLIST_FILE = Info.plist;
				LD_RUNPATH_SEARCH_PATHS = "@executable_path/../Frameworks";
				MARKETING_VERSION = 125.33;
				PRODUCT_BUNDLE_IDENTIFIER = fm.partyparty.app;
				PRODUCT_NAME = PartyParty;
				SKIP_INSTALL = NO;
				SWIFT_ACTIVE_COMPILATION_CONDITIONS = "DEBUG APP_STORE";
			};
			name = Debug;
		};
		800000000000000000000004 /* Release */ = {
			isa = XCBuildConfiguration;
			buildSettings = {
				ARCHS = arm64;
				ASSETCATALOG_COMPILER_APPICON_NAME = AppIcon;
				CODE_SIGN_ENTITLEMENTS = "PartyParty-app-store.entitlements";
				CODE_SIGN_STYLE = Automatic;
				CURRENT_PROJECT_VERSION = 249;
				DEVELOPMENT_TEAM = 52WM463HR2;
				ENABLE_HARDENED_RUNTIME = YES;
				GENERATE_INFOPLIST_FILE = NO;
				INFOPLIST_FILE = Info.plist;
				LD_RUNPATH_SEARCH_PATHS = "@executable_path/../Frameworks";
				MARKETING_VERSION = 125.33;
				PRODUCT_BUNDLE_IDENTIFIER = fm.partyparty.app;
				PRODUCT_NAME = PartyParty;
				SKIP_INSTALL = NO;
				SWIFT_ACTIVE_COMPILATION_CONDITIONS = APP_STORE;
			};
			name = Release;
		};
/* End XCBuildConfiguration section */

/* Begin XCConfigurationList section */
		900000000000000000000001 /* Build configuration list for PBXProject "PartyParty" */ = {
			isa = XCConfigurationList;
			buildConfigurations = (
				800000000000000000000001 /* Debug */,
				800000000000000000000002 /* Release */,
			);
			defaultConfigurationIsVisible = 0;
			defaultConfigurationName = Release;
		};
		900000000000000000000002 /* Build configuration list for PBXNativeTarget "PartyParty" */ = {
			isa = XCConfigurationList;
			buildConfigurations = (
				800000000000000000000003 /* Debug */,
				800000000000000000000004 /* Release */,
			);
			defaultConfigurationIsVisible = 0;
			defaultConfigurationName = Release;
		};
/* End XCConfigurationList section */
	};
	rootObject = 700000000000000000000001 /* Project object */;
}
